
Microsoft Visual Studio Solution File, Format Version 12.00
# Visual Studio Version 17
VisualStudioVersion = 17.5.002.0
MinimumVisualStudioVersion = 10.0.40219.1
Project("{9A19103F-16F7-4668-BE54-9A1E7A4F7556}") = "UserService.Core", "UserService.Core.csproj", "{14853F23-7136-4DC5-964E-C0E74459E7FA}"
EndProject
Global
	GlobalSection(SolutionConfigurationPlatforms) = preSolution
		Debug|Any CPU = Debug|Any CPU
		Release|Any CPU = Release|Any CPU
	EndGlobalSection
	GlobalSection(ProjectConfigurationPlatforms) = postSolution
		{14853F23-7136-4DC5-964E-C0E74459E7FA}.Debug|Any CPU.ActiveCfg = Debug|Any CPU
		{14853F23-7136-4DC5-964E-C0E74459E7FA}.Debug|Any CPU.Build.0 = Debug|Any CPU
		{14853F23-7136-4DC5-964E-C0E74459E7FA}.Release|Any CPU.ActiveCfg = Release|Any CPU
		{14853F23-7136-4DC5-964E-C0E74459E7FA}.Release|Any CPU.Build.0 = Release|Any CPU
	EndGlobalSection
	GlobalSection(SolutionProperties) = preSolution
		HideSolutionNode = FALSE
	EndGlobalSection
	GlobalSection(ExtensibilityGlobals) = postSolution
		SolutionGuid = {075941A9-1E55-4991-8BE5-44C90FB936FD}
	EndGlobalSection
EndGlobal
